
Microsoft Visual Studio Solution File, Format Version 12.00
# Visual Studio Version 17
VisualStudioVersion = 17.14.35906.104
MinimumVisualStudioVersion = 10.0.40219.1
Project("{FAE04EC0-301F-11D3-BF4B-00C04F79EFBC}") = "SunnyBlazor", "SunnyBlazor.csproj", "{9BF0965F-2EF6-407A-8FA9-3DA725AE33B7}"
EndProject
Global
	GlobalSection(SolutionConfigurationPlatforms) = preSolution
		Debug|Any CPU = Debug|Any CPU
		Release|Any CPU = Release|Any CPU
	EndGlobalSection
	GlobalSection(ProjectConfigurationPlatforms) = postSolution
		{9BF0965F-2EF6-407A-8FA9-3DA725AE33B7}.Debug|Any CPU.ActiveCfg = Debug|Any CPU
		{9BF0965F-2EF6-407A-8FA9-3DA725AE33B7}.Debug|Any CPU.Build.0 = Debug|Any CPU
		{9BF0965F-2EF6-407A-8FA9-3DA725AE33B7}.Release|Any CPU.ActiveCfg = Release|Any CPU
		{9BF0965F-2EF6-407A-8FA9-3DA725AE33B7}.Release|Any CPU.Build.0 = Release|Any CPU
	EndGlobalSection
	GlobalSection(SolutionProperties) = preSolution
		HideSolutionNode = FALSE
	EndGlobalSection
	GlobalSection(ExtensibilityGlobals) = postSolution
		SolutionGuid = {1AE2F02E-9459-4601-A7A4-3B08880F6241}
	EndGlobalSection
EndGlobal
